// !$*UTF8*$!
{
	archiveVersion = 1;
	classes = {
	};
	objectVersion = 46;
	objects = {

/* Begin PBXBuildFile section */
		0CE9FE3CE52023DC341604DC /* Pods_Sample11UITests.framework in Frameworks */ = {isa = PBXBuildFile; fileRef = 156F9DAB95B8FCF3AA0496BB /* Pods_Sample11UITests.framework */; };
		3AB31BEB66E9D0F13A70033F /* Pods_Sample11.framework in Frameworks */ = {isa = PBXBuildFile; fileRef = 99FA40E94CA5F38126C4BBF9 /* Pods_Sample11.framework */; };
		62F5E77E34D113D8E460CD64 /* Pods_Sample11Tests.framework in Frameworks */ = {isa = PBXBuildFile; fileRef = 7378AAE4AA8815F7542425EA /* Pods_Sample11Tests.framework */; };
		8160073C1EAF675900D89983 /* AppDelegate.swift in Sources */ = {isa = PBXBuildFile; fileRef = 8160073B1EAF675900D89983 /* AppDelegate.swift */; };
		8160073E1EAF675900D89983 /* ViewController.swift in Sources */ = {isa = PBXBuildFile; fileRef = 8160073D1EAF675900D89983 /* ViewController.swift */; };
		816007411EAF675900D89983 /* Main.storyboard in Resources */ = {isa = PBXBuildFile; fileRef = 8160073F1EAF675900D89983 /* Main.storyboard */; };
		816007431EAF675900D89983 /* Assets.xcassets in Resources */ = {isa = PBXBuildFile; fileRef = 816007421EAF675900D89983 /* Assets.xcassets */; };
		816007461EAF675900D89983 /* LaunchScreen.storyboard in Resources */ = {isa = PBXBuildFile; fileRef = 816007441EAF675900D89983 /* LaunchScreen.storyboard */; };
		816007511EAF675900D89983 /* Sample11Tests.swift in Sources */ = {isa = PBXBuildFile; fileRef = 816007501EAF675900D89983 /* Sample11Tests.swift */; };
		8160075C1EAF675900D89983 /* Sample11UITests.swift in Sources */ = {isa = PBXBuildFile; fileRef = 8160075B1EAF675900D89983 /* Sample11UITests.swift */; };
/* End PBXBuildFile section */

/* Begin PBXContainerItemProxy section */
		8160074D1EAF675900D89983 /* PBXContainerItemProxy */ = {
			isa = PBXContainerItemProxy;
			containerPortal = 816007301EAF675900D89983 /* Project object */;
			proxyType = 1;
			remoteGlobalIDString = 816007371EAF675900D89983;
			remoteInfo = Sample11;
		};
		816007581EAF675900D89983 /* PBXContainerItemProxy */ = {
			isa = PBXContainerItemProxy;
			containerPortal = 816007301EAF675900D89983 /* Project object */;
			proxyType = 1;
			remoteGlobalIDString = 816007371EAF675900D89983;
			remoteInfo = Sample11;
		};
/* End PBXContainerItemProxy section */

/* Begin PBXFileReference section */
		156F9DAB95B8FCF3AA0496BB /* Pods_Sample11UITests.framework */ = {isa = PBXFileReference; explicitFileType = wrapper.framework; includeInIndex = 0; path = Pods_Sample11UITests.framework; sourceTree = BUILT_PRODUCTS_DIR; };
		2A0FFACF4E7CC8E18BF87104 /* Pods-Sample11UITests.release.xcconfig */ = {isa = PBXFileReference; includeInIndex = 1; lastKnownFileType = text.xcconfig; name = "Pods-Sample11UITests.release.xcconfig"; path = "Pods/Target Support Files/Pods-Sample11UITests/Pods-Sample11UITests.release.xcconfig"; sourceTree = "<group>"; };
		6468BE0A714A3DB43AA9D1D1 /* Pods-Sample11.debug.xcconfig */ = {isa = PBXFileReference; includeInIndex = 1; lastKnownFileType = text.xcconfig; name = "Pods-Sample11.debug.xcconfig"; path = "Pods/Target Support Files/Pods-Sample11/Pods-Sample11.debug.xcconfig"; sourceTree = "<group>"; };
		722AD86F8ECE49E2BF36DA7E /* Pods-Sample11Tests.debug.xcconfig */ = {isa = PBXFileReference; includeInIndex = 1; lastKnownFileType = text.xcconfig; name = "Pods-Sample11Tests.debug.xcconfig"; path = "Pods/Target Support Files/Pods-Sample11Tests/Pods-Sample11Tests.debug.xcconfig"; sourceTree = "<group>"; };
		7378AAE4AA8815F7542425EA /* Pods_Sample11Tests.framework */ = {isa = PBXFileReference; explicitFileType = wrapper.framework; includeInIndex = 0; path = Pods_Sample11Tests.framework; sourceTree = BUILT_PRODUCTS_DIR; };
		816007381EAF675900D89983 /* Sample11.app */ = {isa = PBXFileReference; explicitFileType = wrapper.application; includeInIndex = 0; path = Sample11.app; sourceTree = BUILT_PRODUCTS_DIR; };
		8160073B1EAF675900D89983 /* AppDelegate.swift */ = {isa = PBXFileReference; lastKnownFileType = sourcecode.swift; path = AppDelegate.swift; sourceTree = "<group>"; };
		8160073D1EAF675900D89983 /* ViewController.swift */ = {isa = PBXFileReference; lastKnownFileType = sourcecode.swift; path = ViewController.swift; sourceTree = "<group>"; };
		816007401EAF675900D89983 /* Base */ = {isa = PBXFileReference; lastKnownFileType = file.storyboard; name = Base; path = Base.lproj/Main.storyboard; sourceTree = "<group>"; };
		816007421EAF675900D89983 /* Assets.xcassets */ = {isa = PBXFileReference; lastKnownFileType = folder.assetcatalog; path = Assets.xcassets; sourceTree = "<group>"; };
		816007451EAF675900D89983 /* Base */ = {isa = PBXFileReference; lastKnownFileType = file.storyboard; name = Base; path = Base.lproj/LaunchScreen.storyboard; sourceTree = "<group>"; };
		816007471EAF675900D89983 /* Info.plist */ = {isa = PBXFileReference; lastKnownFileType = text.plist.xml; path = Info.plist; sourceTree = "<group>"; };
		8160074C1EAF675900D89983 /* Sample11Tests.xctest */ = {isa = PBXFileReference; explicitFileType = wrapper.cfbundle; includeInIndex = 0; path = Sample11Tests.xctest; sourceTree = BUILT_PRODUCTS_DIR; };
		816007501EAF675900D89983 /* Sample11Tests.swift */ = {isa = PBXFileReference; lastKnownFileType = sourcecode.swift; path = Sample11Tests.swift; sourceTree = "<group>"; };
		816007521EAF675900D89983 /* Info.plist */ = {isa = PBXFileReference; lastKnownFileType = text.plist.xml; path = Info.plist; sourceTree = "<group>"; };
		816007571EAF675900D89983 /* Sample11UITests.xctest */ = {isa = PBXFileReference; explicitFileType = wrapper.cfbundle; includeInIndex = 0; path = Sample11UITests.xctest; sourceTree = BUILT_PRODUCTS_DIR; };
		8160075B1EAF675900D89983 /* Sample11UITests.swift */ = {isa = PBXFileReference; lastKnownFileType = sourcecode.swift; path = Sample11UITests.swift; sourceTree = "<group>"; };
		8160075D1EAF675900D89983 /* Info.plist */ = {isa = PBXFileReference; lastKnownFileType = text.plist.xml; path = Info.plist; sourceTree = "<group>"; };
		92543F0677F78F8FB5E76462 /* Pods-Sample11UITests.debug.xcconfig */ = {isa = PBXFileReference; includeInIndex = 1; lastKnownFileType = text.xcconfig; name = "Pods-Sample11UITests.debug.xcconfig"; path = "Pods/Target Support Files/Pods-Sample11UITests/Pods-Sample11UITests.debug.xcconfig"; sourceTree = "<group>"; };
		99FA40E94CA5F38126C4BBF9 /* Pods_Sample11.framework */ = {isa = PBXFileReference; explicitFileType = wrapper.framework; includeInIndex = 0; path = Pods_Sample11.framework; sourceTree = BUILT_PRODUCTS_DIR; };
		B2FDB909A79E3D52604E8C37 /* Pods-Sample11Tests.release.xcconfig */ = {isa = PBXFileReference; includeInIndex = 1; lastKnownFileType = text.xcconfig; name = "Pods-Sample11Tests.release.xcconfig"; path = "Pods/Target Support Files/Pods-Sample11Tests/Pods-Sample11Tests.release.xcconfig"; sourceTree = "<group>"; };
		F7046C3BEDB532DAB7187013 /* Pods-Sample11.release.xcconfig */ = {isa = PBXFileReference; includeInIndex = 1; lastKnownFileType = text.xcconfig; name = "Pods-Sample11.release.xcconfig"; path = "Pods/Target Support Files/Pods-Sample11/Pods-Sample11.release.xcconfig"; sourceTree = "<group>"; };
/* End PBXFileReference section */

/* Begin PBXFrameworksBuildPhase section */
		816007351EAF675900D89983 /* Frameworks */ = {
			isa = PBXFrameworksBuildPhase;
			buildActionMask = 2147483647;
			files = (
				3AB31BEB66E9D0F13A70033F /* Pods_Sample11.framework in Frameworks */,
			);
			runOnlyForDeploymentPostprocessing = 0;
		};
		816007491EAF675900D89983 /* Frameworks */ = {
			isa = PBXFrameworksBuildPhase;
			buildActionMask = 2147483647;
			files = (
				62F5E77E34D113D8E460CD64 /* Pods_Sample11Tests.framework in Frameworks */,
			);
			runOnlyForDeploymentPostprocessing = 0;
		};
		816007541EAF675900D89983 /* Frameworks */ = {
			isa = PBXFrameworksBuildPhase;
			buildActionMask = 2147483647;
			files = (
				0CE9FE3CE52023DC341604DC /* Pods_Sample11UITests.framework in Frameworks */,
			);
			runOnlyForDeploymentPostprocessing = 0;
		};
/* End PBXFrameworksBuildPhase section */

/* Begin PBXGroup section */
		1EAEBAF3DD3D29D6AC0E4619 /* Frameworks */ = {
			isa = PBXGroup;
			children = (
				99FA40E94CA5F38126C4BBF9 /* Pods_Sample11.framework */,
				7378AAE4AA8815F7542425EA /* Pods_Sample11Tests.framework */,
				156F9DAB95B8FCF3AA0496BB /* Pods_Sample11UITests.framework */,
			);
			name = Frameworks;
			sourceTree = "<group>";
		};
		2845F161BE2D63F718BEC322 /* Pods */ = {
			isa = PBXGroup;
			children = (
				6468BE0A714A3DB43AA9D1D1 /* Pods-Sample11.debug.xcconfig */,
				F7046C3BEDB532DAB7187013 /* Pods-Sample11.release.xcconfig */,
				722AD86F8ECE49E2BF36DA7E /* Pods-Sample11Tests.debug.xcconfig */,
				B2FDB909A79E3D52604E8C37 /* Pods-Sample11Tests.release.xcconfig */,
				92543F0677F78F8FB5E76462 /* Pods-Sample11UITests.debug.xcconfig */,
				2A0FFACF4E7CC8E18BF87104 /* Pods-Sample11UITests.release.xcconfig */,
			);
			name = Pods;
			sourceTree = "<group>";
		};
		8160072F1EAF675900D89983 = {
			isa = PBXGroup;
			children = (
				8160073A1EAF675900D89983 /* Sample11 */,
				8160074F1EAF675900D89983 /* Sample11Tests */,
				8160075A1EAF675900D89983 /* Sample11UITests */,
				816007391EAF675900D89983 /* Products */,
				2845F161BE2D63F718BEC322 /* Pods */,
				1EAEBAF3DD3D29D6AC0E4619 /* Frameworks */,
			);
			sourceTree = "<group>";
		};
		816007391EAF675900D89983 /* Products */ = {
			isa = PBXGroup;
			children = (
				816007381EAF675900D89983 /* Sample11.app */,
				8160074C1EAF675900D89983 /* Sample11Tests.xctest */,
				816007571EAF675900D89983 /* Sample11UITests.xctest */,
			);
			name = Products;
			sourceTree = "<group>";
		};
		8160073A1EAF675900D89983 /* Sample11 */ = {
			isa = PBXGroup;
			children = (
				8160073B1EAF675900D89983 /* AppDelegate.swift */,
				8160073D1EAF675900D89983 /* ViewController.swift */,
				8160073F1EAF675900D89983 /* Main.storyboard */,
				816007421EAF675900D89983 /* Assets.xcassets */,
				816007441EAF675900D89983 /* LaunchScreen.storyboard */,
				816007471EAF675900D89983 /* Info.plist */,
			);
			path = Sample11;
			sourceTree = "<group>";
		};
		8160074F1EAF675900D89983 /* Sample11Tests */ = {
			isa = PBXGroup;
			children = (
				816007501EAF675900D89983 /* Sample11Tests.swift */,
				816007521EAF675900D89983 /* Info.plist */,
			);
			path = Sample11Tests;
			sourceTree = "<group>";
		};
		8160075A1EAF675900D89983 /* Sample11UITests */ = {
			isa = PBXGroup;
			children = (
				8160075B1EAF675900D89983 /* Sample11UITests.swift */,
				8160075D1EAF675900D89983 /* Info.plist */,
			);
			path = Sample11UITests;
			sourceTree = "<group>";
		};
/* End PBXGroup section */

/* Begin PBXNativeTarget section */
		816007371EAF675900D89983 /* Sample11 */ = {
			isa = PBXNativeTarget;
			buildConfigurationList = 816007601EAF675900D89983 /* Build configuration list for PBXNativeTarget "Sample11" */;
			buildPhases = (
				AB09D7BB29CC351C4EAE4627 /* [CP] Check Pods Manifest.lock */,
				816007341EAF675900D89983 /* Sources */,
				816007351EAF675900D89983 /* Frameworks */,
				816007361EAF675900D89983 /* Resources */,
				756CDA5EBF1B3DA71ED7483E /* [CP] Embed Pods Frameworks */,
				92B59B811E1F9130FA88EBE5 /* [CP] Copy Pods Resources */,
			);
			buildRules = (
			);
			dependencies = (
			);
			name = Sample11;
			productName = Sample11;
			productReference = 816007381EAF675900D89983 /* Sample11.app */;
			productType = "com.apple.product-type.application";
		};
		8160074B1EAF675900D89983 /* Sample11Tests */ = {
			isa = PBXNativeTarget;
			buildConfigurationList = 816007631EAF675900D89983 /* Build configuration list for PBXNativeTarget "Sample11Tests" */;
			buildPhases = (
				2E9C8DBA84B86800C1931512 /* [CP] Check Pods Manifest.lock */,
				816007481EAF675900D89983 /* Sources */,
				816007491EAF675900D89983 /* Frameworks */,
				8160074A1EAF675900D89983 /* Resources */,
				378C9BFA4CB9871C528043EA /* [CP] Embed Pods Frameworks */,
				3DAF431F74DE4A00E665F207 /* [CP] Copy Pods Resources */,
			);
			buildRules = (
			);
			dependencies = (
				8160074E1EAF675900D89983 /* PBXTargetDependency */,
			);
			name = Sample11Tests;
			productName = Sample11Tests;
			productReference = 8160074C1EAF675900D89983 /* Sample11Tests.xctest */;
			productType = "com.apple.product-type.bundle.unit-test";
		};
		816007561EAF675900D89983 /* Sample11UITests */ = {
			isa = PBXNativeTarget;
			buildConfigurationList = 816007661EAF675900D89983 /* Build configuration list for PBXNativeTarget "Sample11UITests" */;
			buildPhases = (
				36E943F54D08FA42FE5DF21B /* [CP] Check Pods Manifest.lock */,
				816007531EAF675900D89983 /* Sources */,
				816007541EAF675900D89983 /* Frameworks */,
				816007551EAF675900D89983 /* Resources */,
				322C1C468758B945A28A2589 /* [CP] Embed Pods Frameworks */,
				58B80550C7118E989144FD93 /* [CP] Copy Pods Resources */,
			);
			buildRules = (
			);
			dependencies = (
				816007591EAF675900D89983 /* PBXTargetDependency */,
			);
			name = Sample11UITests;
			productName = Sample11UITests;
			productReference = 816007571EAF675900D89983 /* Sample11UITests.xctest */;
			productType = "com.apple.product-type.bundle.ui-testing";
		};
/* End PBXNativeTarget section */

/* Begin PBXProject section */
		816007301EAF675900D89983 /* Project object */ = {
			isa = PBXProject;
			attributes = {
				LastSwiftUpdateCheck = 0820;
				LastUpgradeCheck = 0820;
				ORGANIZATIONNAME = mobilecoe;
				TargetAttributes = {
					816007371EAF675900D89983 = {
						CreatedOnToolsVersion = 8.2.1;
						DevelopmentTeam = 5H285UG5ME;
						ProvisioningStyle = Automatic;
					};
					8160074B1EAF675900D89983 = {
						CreatedOnToolsVersion = 8.2.1;
						DevelopmentTeam = 9JFA32662T;
						ProvisioningStyle = Automatic;
						TestTargetID = 816007371EAF675900D89983;
					};
					816007561EAF675900D89983 = {
						CreatedOnToolsVersion = 8.2.1;
						DevelopmentTeam = 9JFA32662T;
						ProvisioningStyle = Automatic;
						TestTargetID = 816007371EAF675900D89983;
					};
				};
			};
			buildConfigurationList = 816007331EAF675900D89983 /* Build configuration list for PBXProject "Sample11" */;
			compatibilityVersion = "Xcode 3.2";
			developmentRegion = English;
			hasScannedForEncodings = 0;
			knownRegions = (
				en,
				Base,
			);
			mainGroup = 8160072F1EAF675900D89983;
			productRefGroup = 816007391EAF675900D89983 /* Products */;
			projectDirPath = "";
			projectRoot = "";
			targets = (
				816007371EAF675900D89983 /* Sample11 */,
				8160074B1EAF675900D89983 /* Sample11Tests */,
				816007561EAF675900D89983 /* Sample11UITests */,
			);
		};
/* End PBXProject section */

/* Begin PBXResourcesBuildPhase section */
		816007361EAF675900D89983 /* Resources */ = {
			isa = PBXResourcesBuildPhase;
			buildActionMask = 2147483647;
			files = (
				816007461EAF675900D89983 /* LaunchScreen.storyboard in Resources */,
				816007431EAF675900D89983 /* Assets.xcassets in Resources */,
				816007411EAF675900D89983 /* Main.storyboard in Resources */,
			);
			runOnlyForDeploymentPostprocessing = 0;
		};
		8160074A1EAF675900D89983 /* Resources */ = {
			isa = PBXResourcesBuildPhase;
			buildActionMask = 2147483647;
			files = (
			);
			runOnlyForDeploymentPostprocessing = 0;
		};
		816007551EAF675900D89983 /* Resources */ = {
			isa = PBXResourcesBuildPhase;
			buildActionMask = 2147483647;
			files = (
			);
			runOnlyForDeploymentPostprocessing = 0;
		};
/* End PBXResourcesBuildPhase section */

/* Begin PBXShellScriptBuildPhase section */
		2E9C8DBA84B86800C1931512 /* [CP] Check Pods Manifest.lock */ = {
			isa = PBXShellScriptBuildPhase;
			buildActionMask = 2147483647;
			files = (
			);
			inputPaths = (
			);
			name = "[CP] Check Pods Manifest.lock";
			outputPaths = (
			);
			runOnlyForDeploymentPostprocessing = 0;
			shellPath = /bin/sh;
			shellScript = "diff \"${PODS_PODFILE_DIR_PATH}/Podfile.lock\" \"${PODS_ROOT}/Manifest.lock\" > /dev/null\nif [ $? != 0 ] ; then\n    # print error to STDERR\n    echo \"error: The sandbox is not in sync with the Podfile.lock. Run 'pod install' or update your CocoaPods installation.\" >&2\n    exit 1\nfi\n";
			showEnvVarsInLog = 0;
		};
		322C1C468758B945A28A2589 /* [CP] Embed Pods Frameworks */ = {
			isa = PBXShellScriptBuildPhase;
			buildActionMask = 2147483647;
			files = (
			);
			inputPaths = (
			);
			name = "[CP] Embed Pods Frameworks";
			outputPaths = (
			);
			runOnlyForDeploymentPostprocessing = 0;
			shellPath = /bin/sh;
			shellScript = "\"${SRCROOT}/Pods/Target Support Files/Pods-Sample11UITests/Pods-Sample11UITests-frameworks.sh\"\n";
			showEnvVarsInLog = 0;
		};
		36E943F54D08FA42FE5DF21B /* [CP] Check Pods Manifest.lock */ = {
			isa = PBXShellScriptBuildPhase;
			buildActionMask = 2147483647;
			files = (
			);
			inputPaths = (
			);
			name = "[CP] Check Pods Manifest.lock";
			outputPaths = (
			);
			runOnlyForDeploymentPostprocessing = 0;
			shellPath = /bin/sh;
			shellScript = "diff \"${PODS_PODFILE_DIR_PATH}/Podfile.lock\" \"${PODS_ROOT}/Manifest.lock\" > /dev/null\nif [ $? != 0 ] ; then\n    # print error to STDERR\n    echo \"error: The sandbox is not in sync with the Podfile.lock. Run 'pod install' or update your CocoaPods installation.\" >&2\n    exit 1\nfi\n";
			showEnvVarsInLog = 0;
		};
		378C9BFA4CB9871C528043EA /* [CP] Embed Pods Frameworks */ = {
			isa = PBXShellScriptBuildPhase;
			buildActionMask = 2147483647;
			files = (
			);
			inputPaths = (
			);
			name = "[CP] Embed Pods Frameworks";
			outputPaths = (
			);
			runOnlyForDeploymentPostprocessing = 0;
			shellPath = /bin/sh;
			shellScript = "\"${SRCROOT}/Pods/Target Support Files/Pods-Sample11Tests/Pods-Sample11Tests-frameworks.sh\"\n";
			showEnvVarsInLog = 0;
		};
		3DAF431F74DE4A00E665F207 /* [CP] Copy Pods Resources */ = {
			isa = PBXShellScriptBuildPhase;
			buildActionMask = 2147483647;
			files = (
			);
			inputPaths = (
			);
			name = "[CP] Copy Pods Resources";
			outputPaths = (
			);
			runOnlyForDeploymentPostprocessing = 0;
			shellPath = /bin/sh;
			shellScript = "\"${SRCROOT}/Pods/Target Support Files/Pods-Sample11Tests/Pods-Sample11Tests-resources.sh\"\n";
			showEnvVarsInLog = 0;
		};
		58B80550C7118E989144FD93 /* [CP] Copy Pods Resources */ = {
			isa = PBXShellScriptBuildPhase;
			buildActionMask = 2147483647;
			files = (
			);
			inputPaths = (
			);
			name = "[CP] Copy Pods Resources";
			outputPaths = (
			);
			runOnlyForDeploymentPostprocessing = 0;
			shellPath = /bin/sh;
			shellScript = "\"${SRCROOT}/Pods/Target Support Files/Pods-Sample11UITests/Pods-Sample11UITests-resources.sh\"\n";
			showEnvVarsInLog = 0;
		};
		756CDA5EBF1B3DA71ED7483E /* [CP] Embed Pods Frameworks */ = {
			isa = PBXShellScriptBuildPhase;
			buildActionMask = 2147483647;
			files = (
			);
			inputPaths = (
			);
			name = "[CP] Embed Pods Frameworks";
			outputPaths = (
			);
			runOnlyForDeploymentPostprocessing = 0;
			shellPath = /bin/sh;
			shellScript = "\"${SRCROOT}/Pods/Target Support Files/Pods-Sample11/Pods-Sample11-frameworks.sh\"\n";
			showEnvVarsInLog = 0;
		};
		92B59B811E1F9130FA88EBE5 /* [CP] Copy Pods Resources */ = {
			isa = PBXShellScriptBuildPhase;
			buildActionMask = 2147483647;
			files = (
			);
			inputPaths = (
			);
			name = "[CP] Copy Pods Resources";
			outputPaths = (
			);
			runOnlyForDeploymentPostprocessing = 0;
			shellPath = /bin/sh;
			shellScript = "\"${SRCROOT}/Pods/Target Support Files/Pods-Sample11/Pods-Sample11-resources.sh\"\n";
			showEnvVarsInLog = 0;
		};
		AB09D7BB29CC351C4EAE4627 /* [CP] Check Pods Manifest.lock */ = {
			isa = PBXShellScriptBuildPhase;
			buildActionMask = 2147483647;
			files = (
			);
			inputPaths = (
			);
			name = "[CP] Check Pods Manifest.lock";
			outputPaths = (
			);
			runOnlyForDeploymentPostprocessing = 0;
			shellPath = /bin/sh;
			shellScript = "diff \"${PODS_PODFILE_DIR_PATH}/Podfile.lock\" \"${PODS_ROOT}/Manifest.lock\" > /dev/null\nif [ $? != 0 ] ; then\n    # print error to STDERR\n    echo \"error: The sandbox is not in sync with the Podfile.lock. Run 'pod install' or update your CocoaPods installation.\" >&2\n    exit 1\nfi\n";
			showEnvVarsInLog = 0;
		};
/* End PBXShellScriptBuildPhase section */

/* Begin PBXSourcesBuildPhase section */
		816007341EAF675900D89983 /* Sources */ = {
			isa = PBXSourcesBuildPhase;
			buildActionMask = 2147483647;
			files = (
				8160073E1EAF675900D89983 /* ViewController.swift in Sources */,
				8160073C1EAF675900D89983 /* AppDelegate.swift in Sources */,
			);
			runOnlyForDeploymentPostprocessing = 0;
		};
		816007481EAF675900D89983 /* Sources */ = {
			isa = PBXSourcesBuildPhase;
			buildActionMask = 2147483647;
			files = (
				816007511EAF675900D89983 /* Sample11Tests.swift in Sources */,
			);
			runOnlyForDeploymentPostprocessing = 0;
		};
		816007531EAF675900D89983 /* Sources */ = {
			isa = PBXSourcesBuildPhase;
			buildActionMask = 2147483647;
			files = (
				8160075C1EAF675900D89983 /* Sample11UITests.swift in Sources */,
			);
			runOnlyForDeploymentPostprocessing = 0;
		};
/* End PBXSourcesBuildPhase section */

/* Begin PBXTargetDependency section */
		8160074E1EAF675900D89983 /* PBXTargetDependency */ = {
			isa = PBXTargetDependency;
			target = 816007371EAF675900D89983 /* Sample11 */;
			targetProxy = 8160074D1EAF675900D89983 /* PBXContainerItemProxy */;
		};
		816007591EAF675900D89983 /* PBXTargetDependency */ = {
			isa = PBXTargetDependency;
			target = 816007371EAF675900D89983 /* Sample11 */;
			targetProxy = 816007581EAF675900D89983 /* PBXContainerItemProxy */;
		};
/* End PBXTargetDependency section */

/* Begin PBXVariantGroup section */
		8160073F1EAF675900D89983 /* Main.storyboard */ = {
			isa = PBXVariantGroup;
			children = (
				816007401EAF675900D89983 /* Base */,
			);
			name = Main.storyboard;
			sourceTree = "<group>";
		};
		816007441EAF675900D89983 /* LaunchScreen.storyboard */ = {
			isa = PBXVariantGroup;
			children = (
				816007451EAF675900D89983 /* Base */,
			);
			name = LaunchScreen.storyboard;
			sourceTree = "<group>";
		};
/* End PBXVariantGroup section */

/* Begin XCBuildConfiguration section */
		8160075E1EAF675900D89983 /* Debug */ = {
			isa = XCBuildConfiguration;
			buildSettings = {
				ALWAYS_SEARCH_USER_PATHS = NO;
				CLANG_ANALYZER_NONNULL = YES;
				CLANG_CXX_LANGUAGE_STANDARD = "gnu++0x";
				CLANG_CXX_LIBRARY = "libc++";
				CLANG_ENABLE_MODULES = YES;
				CLANG_ENABLE_OBJC_ARC = YES;
				CLANG_WARN_BOOL_CONVERSION = YES;
				CLANG_WARN_CONSTANT_CONVERSION = YES;
				CLANG_WARN_DIRECT_OBJC_ISA_USAGE = YES_ERROR;
				CLANG_WARN_DOCUMENTATION_COMMENTS = YES;
				CLANG_WARN_EMPTY_BODY = YES;
				CLANG_WARN_ENUM_CONVERSION = YES;
				CLANG_WARN_INFINITE_RECURSION = YES;
				CLANG_WARN_INT_CONVERSION = YES;
				CLANG_WARN_OBJC_ROOT_CLASS = YES_ERROR;
				CLANG_WARN_SUSPICIOUS_MOVE = YES;
				CLANG_WARN_UNREACHABLE_CODE = YES;
				CLANG_WARN__DUPLICATE_METHOD_MATCH = YES;
				"CODE_SIGN_IDENTITY[sdk=iphoneos*]" = "iPhone Developer";
				COPY_PHASE_STRIP = NO;
				DEBUG_INFORMATION_FORMAT = dwarf;
				ENABLE_STRICT_OBJC_MSGSEND = YES;
				ENABLE_TESTABILITY = YES;
				GCC_C_LANGUAGE_STANDARD = gnu99;
				GCC_DYNAMIC_NO_PIC = NO;
				GCC_NO_COMMON_BLOCKS = YES;
				GCC_OPTIMIZATION_LEVEL = 0;
				GCC_PREPROCESSOR_DEFINITIONS = (
					"DEBUG=1",
					"$(inherited)",
				);
				GCC_WARN_64_TO_32_BIT_CONVERSION = YES;
				GCC_WARN_ABOUT_RETURN_TYPE = YES_ERROR;
				GCC_WARN_UNDECLARED_SELECTOR = YES;
				GCC_WARN_UNINITIALIZED_AUTOS = YES_AGGRESSIVE;
				GCC_WARN_UNUSED_FUNCTION = YES;
				GCC_WARN_UNUSED_VARIABLE = YES;
				IPHONEOS_DEPLOYMENT_TARGET = 10.2;
				MTL_ENABLE_DEBUG_INFO = YES;
				ONLY_ACTIVE_ARCH = YES;
				SDKROOT = iphoneos;
				SWIFT_ACTIVE_COMPILATION_CONDITIONS = DEBUG;
				SWIFT_OPTIMIZATION_LEVEL = "-Onone";
				TARGETED_DEVICE_FAMILY = "1,2";
			};
			name = Debug;
		};
		8160075F1EAF675900D89983 /* Release */ = {
			isa = XCBuildConfiguration;
			buildSettings = {
				ALWAYS_SEARCH_USER_PATHS = NO;
				CLANG_ANALYZER_NONNULL = YES;
				CLANG_CXX_LANGUAGE_STANDARD = "gnu++0x";
				CLANG_CXX_LIBRARY = "libc++";
				CLANG_ENABLE_MODULES = YES;
				CLANG_ENABLE_OBJC_ARC = YES;
				CLANG_WARN_BOOL_CONVERSION = YES;
				CLANG_WARN_CONSTANT_CONVERSION = YES;
				CLANG_WARN_DIRECT_OBJC_ISA_USAGE = YES_ERROR;
				CLANG_WARN_DOCUMENTATION_COMMENTS = YES;
				CLANG_WARN_EMPTY_BODY = YES;
				CLANG_WARN_ENUM_CONVERSION = YES;
				CLANG_WARN_INFINITE_RECURSION = YES;
				CLANG_WARN_INT_CONVERSION = YES;
				CLANG_WARN_OBJC_ROOT_CLASS = YES_ERROR;
				CLANG_WARN_SUSPICIOUS_MOVE = YES;
				CLANG_WARN_UNREACHABLE_CODE = YES;
				CLANG_WARN__DUPLICATE_METHOD_MATCH = YES;
				"CODE_SIGN_IDENTITY[sdk=iphoneos*]" = "iPhone Developer";
				COPY_PHASE_STRIP = NO;
				DEBUG_INFORMATION_FORMAT = "dwarf-with-dsym";
				ENABLE_NS_ASSERTIONS = NO;
				ENABLE_STRICT_OBJC_MSGSEND = YES;
				GCC_C_LANGUAGE_STANDARD = gnu99;
				GCC_NO_COMMON_BLOCKS = YES;
				GCC_WARN_64_TO_32_BIT_CONVERSION = YES;
				GCC_WARN_ABOUT_RETURN_TYPE = YES_ERROR;
				GCC_WARN_UNDECLARED_SELECTOR = YES;
				GCC_WARN_UNINITIALIZED_AUTOS = YES_AGGRESSIVE;
				GCC_WARN_UNUSED_FUNCTION = YES;
				GCC_WARN_UNUSED_VARIABLE = YES;
				IPHONEOS_DEPLOYMENT_TARGET = 10.2;
				MTL_ENABLE_DEBUG_INFO = NO;
				SDKROOT = iphoneos;
				SWIFT_OPTIMIZATION_LEVEL = "-Owholemodule";
				TARGETED_DEVICE_FAMILY = "1,2";
				VALIDATE_PRODUCT = YES;
			};
			name = Release;
		};
		816007611EAF675900D89983 /* Debug */ = {
			isa = XCBuildConfiguration;
			baseConfigurationReference = 6468BE0A714A3DB43AA9D1D1 /* Pods-Sample11.debug.xcconfig */;
			buildSettings = {
				ASSETCATALOG_COMPILER_APPICON_NAME = AppIcon;
				DEVELOPMENT_TEAM = 5H285UG5ME;
				INFOPLIST_FILE = Sample11/Info.plist;
				LD_RUNPATH_SEARCH_PATHS = "$(inherited) @executable_path/Frameworks";
				PRODUCT_BUNDLE_IDENTIFIER = com.test.Sample11;
				PRODUCT_NAME = "$(TARGET_NAME)";
				SWIFT_VERSION = 3.0;
			};
			name = Debug;
		};
		816007621EAF675900D89983 /* Release */ = {
			isa = XCBuildConfiguration;
			baseConfigurationReference = F7046C3BEDB532DAB7187013 /* Pods-Sample11.release.xcconfig */;
			buildSettings = {
				ASSETCATALOG_COMPILER_APPICON_NAME = AppIcon;
				DEVELOPMENT_TEAM = 5H285UG5ME;
				INFOPLIST_FILE = Sample11/Info.plist;
				LD_RUNPATH_SEARCH_PATHS = "$(inherited) @executable_path/Frameworks";
				PRODUCT_BUNDLE_IDENTIFIER = com.test.Sample11;
				PRODUCT_NAME = "$(TARGET_NAME)";
				SWIFT_VERSION = 3.0;
			};
			name = Release;
		};
		816007641EAF675900D89983 /* Debug */ = {
			isa = XCBuildConfiguration;
			baseConfigurationReference = 722AD86F8ECE49E2BF36DA7E /* Pods-Sample11Tests.debug.xcconfig */;
			buildSettings = {
				ALWAYS_EMBED_SWIFT_STANDARD_LIBRARIES = YES;
				BUNDLE_LOADER = "$(TEST_HOST)";
				DEVELOPMENT_TEAM = 9JFA32662T;
				INFOPLIST_FILE = Sample11Tests/Info.plist;
				LD_RUNPATH_SEARCH_PATHS = "$(inherited) @executable_path/Frameworks @loader_path/Frameworks";
				PRODUCT_BUNDLE_IDENTIFIER = com.test.Sample11Tests;
				PRODUCT_NAME = "$(TARGET_NAME)";
				SWIFT_VERSION = 3.0;
				TEST_HOST = "$(BUILT_PRODUCTS_DIR)/Sample11.app/Sample11";
			};
			name = Debug;
		};
		816007651EAF675900D89983 /* Release */ = {
			isa = XCBuildConfiguration;
			baseConfigurationReference = B2FDB909A79E3D52604E8C37 /* Pods-Sample11Tests.release.xcconfig */;
			buildSettings = {
				ALWAYS_EMBED_SWIFT_STANDARD_LIBRARIES = YES;
				BUNDLE_LOADER = "$(TEST_HOST)";
				DEVELOPMENT_TEAM = 9JFA32662T;
				INFOPLIST_FILE = Sample11Tests/Info.plist;
				LD_RUNPATH_SEARCH_PATHS = "$(inherited) @executable_path/Frameworks @loader_path/Frameworks";
				PRODUCT_BUNDLE_IDENTIFIER = com.test.Sample11Tests;
				PRODUCT_NAME = "$(TARGET_NAME)";
				SWIFT_VERSION = 3.0;
				TEST_HOST = "$(BUILT_PRODUCTS_DIR)/Sample11.app/Sample11";
			};
			name = Release;
		};
		816007671EAF675900D89983 /* Debug */ = {
			isa = XCBuildConfiguration;
			baseConfigurationReference = 92543F0677F78F8FB5E76462 /* Pods-Sample11UITests.debug.xcconfig */;
			buildSettings = {
				ALWAYS_EMBED_SWIFT_STANDARD_LIBRARIES = YES;
				DEVELOPMENT_TEAM = 9JFA32662T;
				INFOPLIST_FILE = Sample11UITests/Info.plist;
				LD_RUNPATH_SEARCH_PATHS = "$(inherited) @executable_path/Frameworks @loader_path/Frameworks";
				PRODUCT_BUNDLE_IDENTIFIER = com.test.Sample11UITests;
				PRODUCT_NAME = "$(TARGET_NAME)";
				SWIFT_VERSION = 3.0;
				TEST_TARGET_NAME = Sample11;
			};
			name = Debug;
		};
		816007681EAF675900D89983 /* Release */ = {
			isa = XCBuildConfiguration;
			baseConfigurationReference = 2A0FFACF4E7CC8E18BF87104 /* Pods-Sample11UITests.release.xcconfig */;
			buildSettings = {
				ALWAYS_EMBED_SWIFT_STANDARD_LIBRARIES = YES;
				DEVELOPMENT_TEAM = 9JFA32662T;
				INFOPLIST_FILE = Sample11UITests/Info.plist;
				LD_RUNPATH_SEARCH_PATHS = "$(inherited) @executable_path/Frameworks @loader_path/Frameworks";
				PRODUCT_BUNDLE_IDENTIFIER = com.test.Sample11UITests;
				PRODUCT_NAME = "$(TARGET_NAME)";
				SWIFT_VERSION = 3.0;
				TEST_TARGET_NAME = Sample11;
			};
			name = Release;
		};
/* End XCBuildConfiguration section */

/* Begin XCConfigurationList section */
		816007331EAF675900D89983 /* Build configuration list for PBXProject "Sample11" */ = {
			isa = XCConfigurationList;
			buildConfigurations = (
				8160075E1EAF675900D89983 /* Debug */,
				8160075F1EAF675900D89983 /* Release */,
			);
			defaultConfigurationIsVisible = 0;
			defaultConfigurationName = Release;
		};
		816007601EAF675900D89983 /* Build configuration list for PBXNativeTarget "Sample11" */ = {
			isa = XCConfigurationList;
			buildConfigurations = (
				816007611EAF675900D89983 /* Debug */,
				816007621EAF675900D89983 /* Release */,
			);
			defaultConfigurationIsVisible = 0;
		};
		816007631EAF675900D89983 /* Build configuration list for PBXNativeTarget "Sample11Tests" */ = {
			isa = XCConfigurationList;
			buildConfigurations = (
				816007641EAF675900D89983 /* Debug */,
				816007651EAF675900D89983 /* Release */,
			);
			defaultConfigurationIsVisible = 0;
		};
		816007661EAF675900D89983 /* Build configuration list for PBXNativeTarget "Sample11UITests" */ = {
			isa = XCConfigurationList;
			buildConfigurations = (
				816007671EAF675900D89983 /* Debug */,
				816007681EAF675900D89983 /* Release */,
			);
			defaultConfigurationIsVisible = 0;
		};
/* End XCConfigurationList section */
	};
	rootObject = 816007301EAF675900D89983 /* Project object */;
}
